
Microsoft Visual Studio Solution File, Format Version 12.00
# Visual Studio Version 17
VisualStudioVersion = 17.3.32922.545
MinimumVisualStudioVersion = 10.0.40219.1
Project("{FAE04EC0-301F-11D3-BF4B-00C04F79EFBC}") = "MyShop", "MyShop.csproj", "{1B7A3199-A16F-4C44-84E2-F178090A4571}"
EndProject
Global
	GlobalSection(SolutionConfigurationPlatforms) = preSolution
		Debug|Any CPU = Debug|Any CPU
		Release|Any CPU = Release|Any CPU
	EndGlobalSection
	GlobalSection(ProjectConfigurationPlatforms) = postSolution
		{1B7A3199-A16F-4C44-84E2-F178090A4571}.Debug|Any CPU.ActiveCfg = Debug|Any CPU
		{1B7A3199-A16F-4C44-84E2-F178090A4571}.Debug|Any CPU.Build.0 = Debug|Any CPU
		{1B7A3199-A16F-4C44-84E2-F178090A4571}.Release|Any CPU.ActiveCfg = Release|Any CPU
		{1B7A3199-A16F-4C44-84E2-F178090A4571}.Release|Any CPU.Build.0 = Release|Any CPU
	EndGlobalSection
	GlobalSection(SolutionProperties) = preSolution
		HideSolutionNode = FALSE
	EndGlobalSection
	GlobalSection(ExtensibilityGlobals) = postSolution
		SolutionGuid = {DE7BAE07-10A0-4ACA-8890-6E6AC1283BCD}
	EndGlobalSection
EndGlobal
